
Microsoft Visual Studio Solution File, Format Version 12.00
# Visual Studio 2013
VisualStudioVersion = 12.0.31101.0
MinimumVisualStudioVersion = 10.0.40219.1
Project("{FAE04EC0-301F-11D3-BF4B-00C04F79EFBC}") = "MvcBiblioteka", "MvcBiblioteka\MvcBiblioteka.csproj", "{108252AB-B321-46AC-97E5-868088B37D56}"
EndProject
Project("{2150E333-8FDC-42A3-9474-1A3956D46DE8}") = "PublishScripts", "PublishScripts", "{F31F0143-09B9-490E-BBD9-C2028834C894}"
	ProjectSection(SolutionItems) = preProject
		PublishScripts\AzureWebsitePublishModule.psm1 = PublishScripts\AzureWebsitePublishModule.psm1
		PublishScripts\Publish-WebApplicationWebsite.ps1 = PublishScripts\Publish-WebApplicationWebsite.ps1
	EndProjectSection
EndProject
Project("{2150E333-8FDC-42A3-9474-1A3956D46DE8}") = "Configurations", "Configurations", "{76B5EB47-6B64-4736-AB6E-F6FFFDD922C4}"
	ProjectSection(SolutionItems) = preProject
		PublishScripts\Configurations\MvcBiblioteka-WAWS-dev.json = PublishScripts\Configurations\MvcBiblioteka-WAWS-dev.json
	EndProjectSection
EndProject
Global
	GlobalSection(SolutionConfigurationPlatforms) = preSolution
		Debug|Any CPU = Debug|Any CPU
		Release|Any CPU = Release|Any CPU
	EndGlobalSection
	GlobalSection(ProjectConfigurationPlatforms) = postSolution
		{108252AB-B321-46AC-97E5-868088B37D56}.Debug|Any CPU.ActiveCfg = Debug|Any CPU
		{108252AB-B321-46AC-97E5-868088B37D56}.Debug|Any CPU.Build.0 = Debug|Any CPU
		{108252AB-B321-46AC-97E5-868088B37D56}.Release|Any CPU.ActiveCfg = Release|Any CPU
		{108252AB-B321-46AC-97E5-868088B37D56}.Release|Any CPU.Build.0 = Release|Any CPU
	EndGlobalSection
	GlobalSection(SolutionProperties) = preSolution
		HideSolutionNode = FALSE
	EndGlobalSection
	GlobalSection(NestedProjects) = preSolution
		{76B5EB47-6B64-4736-AB6E-F6FFFDD922C4} = {F31F0143-09B9-490E-BBD9-C2028834C894}
	EndGlobalSection
EndGlobal
